<?xml version="1.0" encoding="utf-8"?>
<Project ToolsVersion="4.0" xmlns="http://schemas.microsoft.com/developer/msbuild/2003">
  <ItemGroup>
    <Filter Include="Source Files">
      <UniqueIdentifier>{4FC737F1-C7A5-4376-A066-2A32D752A2FF}</UniqueIdentifier>
      <Extensions>cpp;c;cc;cxx;c++;cppm;ixx;def;odl;idl;hpj;bat;asm;asmx</Extensions>
    </Filter>
    <Filter Include="Header Files">
      <UniqueIdentifier>{93995380-89BD-4b04-88EB-625FBE52EBFB}</UniqueIdentifier>
      <Extensions>h;hh;hpp;hxx;h++;hm;inl;inc;ipp;xsd</Extensions>
    </Filter>
    <Filter Include="Resource Files">
      <UniqueIdentifier>{67DA6AB6-F800-4c08-8B7A-83BB121AAD01}</UniqueIdentifier>
      <Extensions>rc;ico;cur;bmp;dlg;rc2;rct;bin;rgs;gif;jpg;jpeg;jpe;resx;tiff;tif;png;wav;mfcribbon-ms</Extensions>
    </Filter>
  </ItemGroup>
  <ItemGroup>
    <ClCompile Include="GNSS-sim-C.cpp">
      <Filter>Source Files</Filter>
    </ClCompile>
  </ItemGroup>
  <ItemGroup>
    <ClInclude Include="Manager.h">
      <Filter>Header Files</Filter>
    </ClInclude>
    <ClInclude Include="Resample.h">
      <Filter>Header Files</Filter>
    </ClInclude>
    <ClInclude Include="IQ.h">
      <Filter>Header Files</Filter>
    </ClInclude>
    <ClInclude Include="DataFrame.h">
      <Filter>Header Files</Filter>
    </ClInclude>
    <ClInclude Include="DataHandler.h">
      <Filter>Header Files</Filter>
    </ClInclude>
    <ClInclude Include="Satellite.h">
      <Filter>Header Files</Filter>
    </ClInclude>
    <ClInclude Include="ChainLink.h">
      <Filter>Header Files</Filter>
    </ClInclude>
    <ClInclude Include="Galileo\Carrier.h">
      <Filter>Header Files</Filter>
    </ClInclude>
    <ClInclude Include="Galileo\CBOC.h">
      <Filter>Header Files</Filter>
    </ClInclude>
    <ClInclude Include="Galileo\PRN_Code.h">
      <Filter>Header Files</Filter>
    </ClInclude>
    <ClInclude Include="Galileo\Sat.h">
      <Filter>Header Files</Filter>
    </ClInclude>
    <ClInclude Include="FileSource.h">
      <Filter>Header Files</Filter>
    </ClInclude>
    <ClInclude Include="FileSink.h">
      <Filter>Header Files</Filter>
    </ClInclude>
    <ClInclude Include="Glonass\Modulation.h">
      <Filter>Header Files</Filter>
    </ClInclude>
    <ClInclude Include="Glonass\Sat.h">
      <Filter>Header Files</Filter>
    </ClInclude>
    <ClInclude Include="GPS\Modulation.h">
      <Filter>Header Files</Filter>
    </ClInclude>
    <ClInclude Include="GPS\PRN_Code.h">
      <Filter>Header Files</Filter>
    </ClInclude>
    <ClInclude Include="GPS\Sat.h">
      <Filter>Header Files</Filter>
    </ClInclude>
    <ClInclude Include="BeiDou\Modulation.h">
      <Filter>Header Files</Filter>
    </ClInclude>
    <ClInclude Include="BeiDou\PRN_Code.h">
      <Filter>Header Files</Filter>
    </ClInclude>
    <ClInclude Include="BeiDou\Sat.h">
      <Filter>Header Files</Filter>
    </ClInclude>
    <ClInclude Include="IRNSS\Modulation.h">
      <Filter>Header Files</Filter>
    </ClInclude>
    <ClInclude Include="IRNSS\PRN_Code.h">
      <Filter>Header Files</Filter>
    </ClInclude>
    <ClInclude Include="IRNSS\Sat.h">
      <Filter>Header Files</Filter>
    </ClInclude>
    <ClInclude Include="FPGA_data.h">
      <Filter>Header Files</Filter>
    </ClInclude>
    <ClInclude Include="WeilCode.h">
      <Filter>Header Files</Filter>
    </ClInclude>
    <ClInclude Include="BeiDou\B1c\PRN_Code.h">
      <Filter>Header Files</Filter>
    </ClInclude>
    <ClInclude Include="BeiDou\B1c\Modulation.h">
      <Filter>Header Files</Filter>
    </ClInclude>
    <ClInclude Include="BeiDou\B1c\Sat.h">
      <Filter>Header Files</Filter>
    </ClInclude>
    <ClInclude Include="GPS\L2c\Sat.h">
      <Filter>Header Files</Filter>
    </ClInclude>
    <ClInclude Include="GPS\L2c\Modulation.h">
      <Filter>Header Files</Filter>
    </ClInclude>
    <ClInclude Include="GPS\L2c\PRN_Code.h">
      <Filter>Header Files</Filter>
    </ClInclude>
    <ClInclude Include="GPS\L1c\Modulation.h">
      <Filter>Header Files</Filter>
    </ClInclude>
    <ClInclude Include="GPS\L1c\PRN_Code.h">
      <Filter>Header Files</Filter>
    </ClInclude>
    <ClInclude Include="GPS\L1c\Sat.h">
      <Filter>Header Files</Filter>
    </ClInclude>
    <ClInclude Include="GPS\L5\Sat.h">
      <Filter>Header Files</Filter>
    </ClInclude>
    <ClInclude Include="DataHandler2.h">
      <Filter>Header Files</Filter>
    </ClInclude>
    <ClInclude Include="Resample2.h">
      <Filter>Header Files</Filter>
    </ClInclude>
    <ClInclude Include="Server.h">
      <Filter>Header Files</Filter>
    </ClInclude>
  </ItemGroup>
</Project>